
Microsoft Visual Studio Solution File, Format Version 12.00
# Visual Studio Version 17
VisualStudioVersion = 17.9.34714.143
MinimumVisualStudioVersion = 10.0.40219.1
Project("{2150E333-8FDC-42A3-9474-1A3956D46DE8}") = "src", "src", "{05D4F3B1-6BF5-49A3-A8CC-CD6A5127D980}"
EndProject
Project("{2150E333-8FDC-42A3-9474-1A3956D46DE8}") = "tests", "tests", "{AAC471D2-E701-431C-95AA-8BC0830922F1}"
EndProject
Project("{2150E333-8FDC-42A3-9474-1A3956D46DE8}") = "pipeline", "pipeline", "{EB84505E-807D-443C-9A81-EB72D48EA2EB}"
EndProject
Project("{2150E333-8FDC-42A3-9474-1A3956D46DE8}") = "resources", "resources", "{DF246D21-F2E0-4217-B608-3A9F87B52C03}"
EndProject
Project("{2150E333-8FDC-42A3-9474-1A3956D46DE8}") = "consumers", "consumers", "{3C22A596-BCA3-443F-8E0A-D69C8DEDF27A}"
EndProject
Project("{FAE04EC0-301F-11D3-BF4B-00C04F79EFBC}") = "OTS.API", "consumers\OTS.API\OTS.API.csproj", "{E29DB844-3275-440D-BF0C-AAC77878AADB}"
EndProject
Project("{2150E333-8FDC-42A3-9474-1A3956D46DE8}") = "core", "core", "{015FB7D1-CA34-4471-83FB-49F4A82F672F}"
EndProject
Project("{FAE04EC0-301F-11D3-BF4B-00C04F79EFBC}") = "OTS.Domain", "core\OTS.Domain\OTS.Domain.csproj", "{0A3856D7-6B3E-4C4B-A54F-1E47E8D7B2E3}"
EndProject
Project("{FAE04EC0-301F-11D3-BF4B-00C04F79EFBC}") = "OTS.Application", "core\OTS.Application\OTS.Application.csproj", "{A0E8547A-0CF7-45CD-8C0F-F0C21FCAF0D5}"
EndProject
Project("{FAE04EC0-301F-11D3-BF4B-00C04F79EFBC}") = "OTS.Infrastructure", "OTS.Infrastructure\OTS.Infrastructure.csproj", "{946163DF-99A0-4D6F-97A7-C4F75CDEA27D}"
EndProject
Project("{FAE04EC0-301F-11D3-BF4B-00C04F79EFBC}") = "OTS.IntegrationTests", "..\tests\OTS.IntegrationTests\OTS.IntegrationTests.csproj", "{4729448D-A162-4904-AE7D-35F8D69E99AA}"
EndProject
Project("{FAE04EC0-301F-11D3-BF4B-00C04F79EFBC}") = "OTS.UnitTests", "..\tests\OTS.UnitTests\OTS.UnitTests.csproj", "{C19B764E-3F2F-459C-8FD5-C5A95ED671AC}"
EndProject
Project("{FAE04EC0-301F-11D3-BF4B-00C04F79EFBC}") = "OTS.EmailWorkerService", "consumers\OTS.EmailWorkerService\OTS.EmailWorkerService.csproj", "{39BFFC13-4CF4-47AA-B716-9B02653501C9}"
EndProject
Project("{FAE04EC0-301F-11D3-BF4B-00C04F79EFBC}") = "OTS.SmsWorkerService", "consumers\OTS.SmsWorkerService\OTS.SmsWorkerService.csproj", "{A34FBCD9-BDE2-460C-A8C4-262D7BEC8364}"
EndProject
Global
	GlobalSection(SolutionConfigurationPlatforms) = preSolution
		Debug|Any CPU = Debug|Any CPU
		Release|Any CPU = Release|Any CPU
	EndGlobalSection
	GlobalSection(ProjectConfigurationPlatforms) = postSolution
		{E29DB844-3275-440D-BF0C-AAC77878AADB}.Debug|Any CPU.ActiveCfg = Debug|Any CPU
		{E29DB844-3275-440D-BF0C-AAC77878AADB}.Debug|Any CPU.Build.0 = Debug|Any CPU
		{E29DB844-3275-440D-BF0C-AAC77878AADB}.Release|Any CPU.ActiveCfg = Release|Any CPU
		{E29DB844-3275-440D-BF0C-AAC77878AADB}.Release|Any CPU.Build.0 = Release|Any CPU
		{0A3856D7-6B3E-4C4B-A54F-1E47E8D7B2E3}.Debug|Any CPU.ActiveCfg = Debug|Any CPU
		{0A3856D7-6B3E-4C4B-A54F-1E47E8D7B2E3}.Debug|Any CPU.Build.0 = Debug|Any CPU
		{0A3856D7-6B3E-4C4B-A54F-1E47E8D7B2E3}.Release|Any CPU.ActiveCfg = Release|Any CPU
		{0A3856D7-6B3E-4C4B-A54F-1E47E8D7B2E3}.Release|Any CPU.Build.0 = Release|Any CPU
		{A0E8547A-0CF7-45CD-8C0F-F0C21FCAF0D5}.Debug|Any CPU.ActiveCfg = Debug|Any CPU
		{A0E8547A-0CF7-45CD-8C0F-F0C21FCAF0D5}.Debug|Any CPU.Build.0 = Debug|Any CPU
		{A0E8547A-0CF7-45CD-8C0F-F0C21FCAF0D5}.Release|Any CPU.ActiveCfg = Release|Any CPU
		{A0E8547A-0CF7-45CD-8C0F-F0C21FCAF0D5}.Release|Any CPU.Build.0 = Release|Any CPU
		{946163DF-99A0-4D6F-97A7-C4F75CDEA27D}.Debug|Any CPU.ActiveCfg = Debug|Any CPU
		{946163DF-99A0-4D6F-97A7-C4F75CDEA27D}.Debug|Any CPU.Build.0 = Debug|Any CPU
		{946163DF-99A0-4D6F-97A7-C4F75CDEA27D}.Release|Any CPU.ActiveCfg = Release|Any CPU
		{946163DF-99A0-4D6F-97A7-C4F75CDEA27D}.Release|Any CPU.Build.0 = Release|Any CPU
		{4729448D-A162-4904-AE7D-35F8D69E99AA}.Debug|Any CPU.ActiveCfg = Debug|Any CPU
		{4729448D-A162-4904-AE7D-35F8D69E99AA}.Debug|Any CPU.Build.0 = Debug|Any CPU
		{4729448D-A162-4904-AE7D-35F8D69E99AA}.Release|Any CPU.ActiveCfg = Release|Any CPU
		{4729448D-A162-4904-AE7D-35F8D69E99AA}.Release|Any CPU.Build.0 = Release|Any CPU
		{C19B764E-3F2F-459C-8FD5-C5A95ED671AC}.Debug|Any CPU.ActiveCfg = Debug|Any CPU
		{C19B764E-3F2F-459C-8FD5-C5A95ED671AC}.Debug|Any CPU.Build.0 = Debug|Any CPU
		{C19B764E-3F2F-459C-8FD5-C5A95ED671AC}.Release|Any CPU.ActiveCfg = Release|Any CPU
		{C19B764E-3F2F-459C-8FD5-C5A95ED671AC}.Release|Any CPU.Build.0 = Release|Any CPU
		{39BFFC13-4CF4-47AA-B716-9B02653501C9}.Debug|Any CPU.ActiveCfg = Debug|Any CPU
		{39BFFC13-4CF4-47AA-B716-9B02653501C9}.Debug|Any CPU.Build.0 = Debug|Any CPU
		{39BFFC13-4CF4-47AA-B716-9B02653501C9}.Release|Any CPU.ActiveCfg = Release|Any CPU
		{39BFFC13-4CF4-47AA-B716-9B02653501C9}.Release|Any CPU.Build.0 = Release|Any CPU
		{A34FBCD9-BDE2-460C-A8C4-262D7BEC8364}.Debug|Any CPU.ActiveCfg = Debug|Any CPU
		{A34FBCD9-BDE2-460C-A8C4-262D7BEC8364}.Debug|Any CPU.Build.0 = Debug|Any CPU
		{A34FBCD9-BDE2-460C-A8C4-262D7BEC8364}.Release|Any CPU.ActiveCfg = Release|Any CPU
		{A34FBCD9-BDE2-460C-A8C4-262D7BEC8364}.Release|Any CPU.Build.0 = Release|Any CPU
	EndGlobalSection
	GlobalSection(SolutionProperties) = preSolution
		HideSolutionNode = FALSE
	EndGlobalSection
	GlobalSection(NestedProjects) = preSolution
		{3C22A596-BCA3-443F-8E0A-D69C8DEDF27A} = {05D4F3B1-6BF5-49A3-A8CC-CD6A5127D980}
		{E29DB844-3275-440D-BF0C-AAC77878AADB} = {3C22A596-BCA3-443F-8E0A-D69C8DEDF27A}
		{015FB7D1-CA34-4471-83FB-49F4A82F672F} = {05D4F3B1-6BF5-49A3-A8CC-CD6A5127D980}
		{0A3856D7-6B3E-4C4B-A54F-1E47E8D7B2E3} = {015FB7D1-CA34-4471-83FB-49F4A82F672F}
		{A0E8547A-0CF7-45CD-8C0F-F0C21FCAF0D5} = {015FB7D1-CA34-4471-83FB-49F4A82F672F}
		{946163DF-99A0-4D6F-97A7-C4F75CDEA27D} = {05D4F3B1-6BF5-49A3-A8CC-CD6A5127D980}
		{4729448D-A162-4904-AE7D-35F8D69E99AA} = {AAC471D2-E701-431C-95AA-8BC0830922F1}
		{C19B764E-3F2F-459C-8FD5-C5A95ED671AC} = {AAC471D2-E701-431C-95AA-8BC0830922F1}
		{39BFFC13-4CF4-47AA-B716-9B02653501C9} = {3C22A596-BCA3-443F-8E0A-D69C8DEDF27A}
		{A34FBCD9-BDE2-460C-A8C4-262D7BEC8364} = {3C22A596-BCA3-443F-8E0A-D69C8DEDF27A}
	EndGlobalSection
	GlobalSection(ExtensibilityGlobals) = postSolution
		SolutionGuid = {EE97035F-BA3A-45C1-88DF-1AD715513E52}
	EndGlobalSection
EndGlobal
